
Microsoft Visual Studio Solution File, Format Version 12.00
# Visual Studio Version 17
VisualStudioVersion = 17.8.34330.188
MinimumVisualStudioVersion = 10.0.40219.1
Project("{9A19103F-16F7-4668-BE54-9A1E7A4F7556}") = "Encrypt Me", "Encrypt Me.csproj", "{DBC45601-5DBD-4A0D-805E-FFF6C7D54A13}"
EndProject
Project("{54435603-DBB4-11D2-8724-00A0C9A8B90C}") = "Encrypt Me Installer", "..\Encrypt Me Installer\Encrypt Me Installer.vdproj", "{9B7E1357-CCB6-41BF-BBEB-2883CFEB9E84}"
EndProject
Global
	GlobalSection(SolutionConfigurationPlatforms) = preSolution
		Debug|Any CPU = Debug|Any CPU
		Release|Any CPU = Release|Any CPU
	EndGlobalSection
	GlobalSection(ProjectConfigurationPlatforms) = postSolution
		{DBC45601-5DBD-4A0D-805E-FFF6C7D54A13}.Debug|Any CPU.ActiveCfg = Debug|Any CPU
		{DBC45601-5DBD-4A0D-805E-FFF6C7D54A13}.Debug|Any CPU.Build.0 = Debug|Any CPU
		{DBC45601-5DBD-4A0D-805E-FFF6C7D54A13}.Release|Any CPU.ActiveCfg = Release|Any CPU
		{DBC45601-5DBD-4A0D-805E-FFF6C7D54A13}.Release|Any CPU.Build.0 = Release|Any CPU
		{9B7E1357-CCB6-41BF-BBEB-2883CFEB9E84}.Debug|Any CPU.ActiveCfg = Debug
		{9B7E1357-CCB6-41BF-BBEB-2883CFEB9E84}.Release|Any CPU.ActiveCfg = Release
	EndGlobalSection
	GlobalSection(SolutionProperties) = preSolution
		HideSolutionNode = FALSE
	EndGlobalSection
	GlobalSection(ExtensibilityGlobals) = postSolution
		SolutionGuid = {C37E648F-0AC0-4640-9AB3-550B4A018265}
	EndGlobalSection
EndGlobal
